
Microsoft Visual Studio Solution File, Format Version 12.00
# Visual Studio Version 17
VisualStudioVersion = 17.0.31512.422
MinimumVisualStudioVersion = 10.0.40219.1
Project("{FAE04EC0-301F-11D3-BF4B-00C04F79EFBC}") = "ToreAurstadIT.LambdaParser", "Zhucai.LambdaParser\ToreAurstadIT.LambdaParser.csproj", "{8807E655-0684-4AE0-A07B-B469ADBE9BDB}"
EndProject
Project("{FAE04EC0-301F-11D3-BF4B-00C04F79EFBC}") = "ToreAurstadIT.LambdaParser.Demo", "Demo\ToreAurstadIT.LambdaParser.Demo.csproj", "{6F6BC27F-9A01-405D-B53E-9B3761324183}"
EndProject
Project("{FAE04EC0-301F-11D3-BF4B-00C04F79EFBC}") = "ToreAurstadIT.LambdaParser.Common", "Common\ToreAurstadIT.LambdaParser.Common.csproj", "{A75EE960-7A66-42CF-9198-3B7B0A34AE8B}"
EndProject
Project("{2150E333-8FDC-42A3-9474-1A3956D46DE8}") = "Solutions Items", "Solutions Items", "{E988C06F-8320-4A2C-A7DE-9DADEB0C3978}"
	ProjectSection(SolutionItems) = preProject
		..\Readme.md = ..\Readme.md
		Zhucai.LambdaParser\ToreAurstadIT.LambdaParser.nuspec = Zhucai.LambdaParser\ToreAurstadIT.LambdaParser.nuspec
	EndProjectSection
EndProject
Project("{FAE04EC0-301F-11D3-BF4B-00C04F79EFBC}") = "ToreAurstadIT.LambdaParser.Unit.Test", "Test_Zhucai.LambdaParser\ToreAurstadIT.LambdaParser.Unit.Test.csproj", "{78118503-7AFA-459B-9D03-088D9CC64D08}"
EndProject
Global
	GlobalSection(SolutionConfigurationPlatforms) = preSolution
		Debug|Any CPU = Debug|Any CPU
		Debug|x64 = Debug|x64
		Release|Any CPU = Release|Any CPU
		Release|x64 = Release|x64
	EndGlobalSection
	GlobalSection(ProjectConfigurationPlatforms) = postSolution
		{8807E655-0684-4AE0-A07B-B469ADBE9BDB}.Debug|Any CPU.ActiveCfg = Debug|Any CPU
		{8807E655-0684-4AE0-A07B-B469ADBE9BDB}.Debug|Any CPU.Build.0 = Debug|Any CPU
		{8807E655-0684-4AE0-A07B-B469ADBE9BDB}.Debug|x64.ActiveCfg = Debug|x64
		{8807E655-0684-4AE0-A07B-B469ADBE9BDB}.Debug|x64.Build.0 = Debug|x64
		{8807E655-0684-4AE0-A07B-B469ADBE9BDB}.Release|Any CPU.ActiveCfg = Release|Any CPU
		{8807E655-0684-4AE0-A07B-B469ADBE9BDB}.Release|Any CPU.Build.0 = Release|Any CPU
		{8807E655-0684-4AE0-A07B-B469ADBE9BDB}.Release|x64.ActiveCfg = Release|x64
		{8807E655-0684-4AE0-A07B-B469ADBE9BDB}.Release|x64.Build.0 = Release|x64
		{6F6BC27F-9A01-405D-B53E-9B3761324183}.Debug|Any CPU.ActiveCfg = Debug|Any CPU
		{6F6BC27F-9A01-405D-B53E-9B3761324183}.Debug|Any CPU.Build.0 = Debug|Any CPU
		{6F6BC27F-9A01-405D-B53E-9B3761324183}.Debug|x64.ActiveCfg = Debug|x64
		{6F6BC27F-9A01-405D-B53E-9B3761324183}.Debug|x64.Build.0 = Debug|x64
		{6F6BC27F-9A01-405D-B53E-9B3761324183}.Release|Any CPU.ActiveCfg = Release|Any CPU
		{6F6BC27F-9A01-405D-B53E-9B3761324183}.Release|Any CPU.Build.0 = Release|Any CPU
		{6F6BC27F-9A01-405D-B53E-9B3761324183}.Release|x64.ActiveCfg = Release|x64
		{6F6BC27F-9A01-405D-B53E-9B3761324183}.Release|x64.Build.0 = Release|x64
		{A75EE960-7A66-42CF-9198-3B7B0A34AE8B}.Debug|Any CPU.ActiveCfg = Debug|Any CPU
		{A75EE960-7A66-42CF-9198-3B7B0A34AE8B}.Debug|Any CPU.Build.0 = Debug|Any CPU
		{A75EE960-7A66-42CF-9198-3B7B0A34AE8B}.Debug|x64.ActiveCfg = Debug|x64
		{A75EE960-7A66-42CF-9198-3B7B0A34AE8B}.Debug|x64.Build.0 = Debug|x64
		{A75EE960-7A66-42CF-9198-3B7B0A34AE8B}.Release|Any CPU.ActiveCfg = Release|Any CPU
		{A75EE960-7A66-42CF-9198-3B7B0A34AE8B}.Release|Any CPU.Build.0 = Release|Any CPU
		{A75EE960-7A66-42CF-9198-3B7B0A34AE8B}.Release|x64.ActiveCfg = Release|x64
		{A75EE960-7A66-42CF-9198-3B7B0A34AE8B}.Release|x64.Build.0 = Release|x64
		{78118503-7AFA-459B-9D03-088D9CC64D08}.Debug|Any CPU.ActiveCfg = Debug|Any CPU
		{78118503-7AFA-459B-9D03-088D9CC64D08}.Debug|Any CPU.Build.0 = Debug|Any CPU
		{78118503-7AFA-459B-9D03-088D9CC64D08}.Debug|x64.ActiveCfg = Debug|Any CPU
		{78118503-7AFA-459B-9D03-088D9CC64D08}.Debug|x64.Build.0 = Debug|Any CPU
		{78118503-7AFA-459B-9D03-088D9CC64D08}.Release|Any CPU.ActiveCfg = Release|Any CPU
		{78118503-7AFA-459B-9D03-088D9CC64D08}.Release|Any CPU.Build.0 = Release|Any CPU
		{78118503-7AFA-459B-9D03-088D9CC64D08}.Release|x64.ActiveCfg = Release|Any CPU
		{78118503-7AFA-459B-9D03-088D9CC64D08}.Release|x64.Build.0 = Release|Any CPU
	EndGlobalSection
	GlobalSection(SolutionProperties) = preSolution
		HideSolutionNode = FALSE
	EndGlobalSection
	GlobalSection(ExtensibilityGlobals) = postSolution
		SolutionGuid = {39FCBDEC-6B41-491F-B0C0-9DF84A2E74EA}
	EndGlobalSection
EndGlobal
